
Microsoft Visual Studio Solution File, Format Version 12.00
# Visual Studio Version 16
VisualStudioVersion = 16.0.34031.81
MinimumVisualStudioVersion = 10.0.40219.1
Project("{FAE04EC0-301F-11D3-BF4B-00C04F79EFBC}") = "OrionSecureCore", "OrionSecureCore\OrionSecureCore.csproj", "{8D09C02C-FFA1-4EE5-A1B2-C89D9A2EDD3E}"
EndProject
Global
	GlobalSection(SolutionConfigurationPlatforms) = preSolution
		Debug|Any CPU = Debug|Any CPU
		Release|Any CPU = Release|Any CPU
	EndGlobalSection
	GlobalSection(ProjectConfigurationPlatforms) = postSolution
		{8D09C02C-FFA1-4EE5-A1B2-C89D9A2EDD3E}.Debug|Any CPU.ActiveCfg = Debug|Any CPU
		{8D09C02C-FFA1-4EE5-A1B2-C89D9A2EDD3E}.Debug|Any CPU.Build.0 = Debug|Any CPU
		{8D09C02C-FFA1-4EE5-A1B2-C89D9A2EDD3E}.Release|Any CPU.ActiveCfg = Release|Any CPU
		{8D09C02C-FFA1-4EE5-A1B2-C89D9A2EDD3E}.Release|Any CPU.Build.0 = Release|Any CPU
	EndGlobalSection
	GlobalSection(SolutionProperties) = preSolution
		HideSolutionNode = FALSE
	EndGlobalSection
	GlobalSection(ExtensibilityGlobals) = postSolution
		SolutionGuid = {FC019DEB-98AF-4F6D-B2EB-253950AB81EE}
	EndGlobalSection
EndGlobal
