
Microsoft Visual Studio Solution File, Format Version 12.00
# Visual Studio Version 16
VisualStudioVersion = 16.0.34031.81
MinimumVisualStudioVersion = 10.0.40219.1
Project("{FAE04EC0-301F-11D3-BF4B-00C04F79EFBC}") = "OrionSecureCore", "OrionSecureCore\OrionSecureCore.csproj", "{8D09C02C-FFA1-4EE5-A1B2-C89D9A2EDD3E}"
EndProject
Project("{FAE04EC0-301F-11D3-BF4B-00C04F79EFBC}") = "SWUserControls", "SWUserControls\SWUserControls.csproj", "{615B62D9-497E-4B57-8C25-EDD6F5787B9F}"
EndProject
Project("{FAE04EC0-301F-11D3-BF4B-00C04F79EFBC}") = "DataAccessLibrary", "DataAccessLibrary\DataAccessLibrary.csproj", "{3B0CDDC0-8477-4A85-BD65-F62F71F04F8A}"
EndProject
Project("{FAE04EC0-301F-11D3-BF4B-00C04F79EFBC}") = "DataAccess", "DataAccess\DataAccess.csproj", "{C326BDC1-E14D-48D8-A201-B5F4F3D4626B}"
EndProject
Project("{FAE04EC0-301F-11D3-BF4B-00C04F79EFBC}") = "SpeciesManagement", "SpeciesManagement\SpeciesManagement.csproj", "{457730E8-3D8A-463A-908B-05007E73A748}"
EndProject
Project("{FAE04EC0-301F-11D3-BF4B-00C04F79EFBC}") = "UserManagement", "UserManagement\UserManagement.csproj", "{2EC3977B-359C-48D8-A0A3-803F1117550E}"
EndProject
Project("{FAE04EC0-301F-11D3-BF4B-00C04F79EFBC}") = "FTPDownload", "FTPDownload\FTPDownload.csproj", "{9C99A975-A2FF-4033-8E9F-FFB68FE9A406}"
EndProject
Project("{FAE04EC0-301F-11D3-BF4B-00C04F79EFBC}") = "OrdersManagement", "OrdersManagement\OrdersManagement.csproj", "{577FB9CC-5A3F-4FD8-B558-88783CB67A99}"
EndProject
Global
	GlobalSection(SolutionConfigurationPlatforms) = preSolution
		Debug|Any CPU = Debug|Any CPU
		Release|Any CPU = Release|Any CPU
	EndGlobalSection
	GlobalSection(ProjectConfigurationPlatforms) = postSolution
		{8D09C02C-FFA1-4EE5-A1B2-C89D9A2EDD3E}.Debug|Any CPU.ActiveCfg = Debug|Any CPU
		{8D09C02C-FFA1-4EE5-A1B2-C89D9A2EDD3E}.Debug|Any CPU.Build.0 = Debug|Any CPU
		{8D09C02C-FFA1-4EE5-A1B2-C89D9A2EDD3E}.Release|Any CPU.ActiveCfg = Release|Any CPU
		{8D09C02C-FFA1-4EE5-A1B2-C89D9A2EDD3E}.Release|Any CPU.Build.0 = Release|Any CPU
		{615B62D9-497E-4B57-8C25-EDD6F5787B9F}.Debug|Any CPU.ActiveCfg = Debug|Any CPU
		{615B62D9-497E-4B57-8C25-EDD6F5787B9F}.Debug|Any CPU.Build.0 = Debug|Any CPU
		{615B62D9-497E-4B57-8C25-EDD6F5787B9F}.Release|Any CPU.ActiveCfg = Release|Any CPU
		{615B62D9-497E-4B57-8C25-EDD6F5787B9F}.Release|Any CPU.Build.0 = Release|Any CPU
		{3B0CDDC0-8477-4A85-BD65-F62F71F04F8A}.Debug|Any CPU.ActiveCfg = Debug|Any CPU
		{3B0CDDC0-8477-4A85-BD65-F62F71F04F8A}.Debug|Any CPU.Build.0 = Debug|Any CPU
		{3B0CDDC0-8477-4A85-BD65-F62F71F04F8A}.Release|Any CPU.ActiveCfg = Release|Any CPU
		{3B0CDDC0-8477-4A85-BD65-F62F71F04F8A}.Release|Any CPU.Build.0 = Release|Any CPU
		{C326BDC1-E14D-48D8-A201-B5F4F3D4626B}.Debug|Any CPU.ActiveCfg = Debug|Any CPU
		{C326BDC1-E14D-48D8-A201-B5F4F3D4626B}.Debug|Any CPU.Build.0 = Debug|Any CPU
		{C326BDC1-E14D-48D8-A201-B5F4F3D4626B}.Release|Any CPU.ActiveCfg = Release|Any CPU
		{C326BDC1-E14D-48D8-A201-B5F4F3D4626B}.Release|Any CPU.Build.0 = Release|Any CPU
		{457730E8-3D8A-463A-908B-05007E73A748}.Debug|Any CPU.ActiveCfg = Debug|Any CPU
		{457730E8-3D8A-463A-908B-05007E73A748}.Debug|Any CPU.Build.0 = Debug|Any CPU
		{457730E8-3D8A-463A-908B-05007E73A748}.Release|Any CPU.ActiveCfg = Release|Any CPU
		{457730E8-3D8A-463A-908B-05007E73A748}.Release|Any CPU.Build.0 = Release|Any CPU
		{2EC3977B-359C-48D8-A0A3-803F1117550E}.Debug|Any CPU.ActiveCfg = Debug|Any CPU
		{2EC3977B-359C-48D8-A0A3-803F1117550E}.Debug|Any CPU.Build.0 = Debug|Any CPU
		{2EC3977B-359C-48D8-A0A3-803F1117550E}.Release|Any CPU.ActiveCfg = Release|Any CPU
		{2EC3977B-359C-48D8-A0A3-803F1117550E}.Release|Any CPU.Build.0 = Release|Any CPU
		{9C99A975-A2FF-4033-8E9F-FFB68FE9A406}.Debug|Any CPU.ActiveCfg = Debug|Any CPU
		{9C99A975-A2FF-4033-8E9F-FFB68FE9A406}.Debug|Any CPU.Build.0 = Debug|Any CPU
		{9C99A975-A2FF-4033-8E9F-FFB68FE9A406}.Release|Any CPU.ActiveCfg = Release|Any CPU
		{9C99A975-A2FF-4033-8E9F-FFB68FE9A406}.Release|Any CPU.Build.0 = Release|Any CPU
		{577FB9CC-5A3F-4FD8-B558-88783CB67A99}.Debug|Any CPU.ActiveCfg = Debug|Any CPU
		{577FB9CC-5A3F-4FD8-B558-88783CB67A99}.Debug|Any CPU.Build.0 = Debug|Any CPU
		{577FB9CC-5A3F-4FD8-B558-88783CB67A99}.Release|Any CPU.ActiveCfg = Release|Any CPU
		{577FB9CC-5A3F-4FD8-B558-88783CB67A99}.Release|Any CPU.Build.0 = Release|Any CPU
	EndGlobalSection
	GlobalSection(SolutionProperties) = preSolution
		HideSolutionNode = FALSE
	EndGlobalSection
	GlobalSection(ExtensibilityGlobals) = postSolution
		SolutionGuid = {FC019DEB-98AF-4F6D-B2EB-253950AB81EE}
	EndGlobalSection
EndGlobal
